{
    "_readme": [
        "This file locks the dependencies of your project to a known state",
        "Read more about it at https://getcomposer.org/doc/01-basic-usage.md#installing-dependencies",
        "This file is @generated automatically"
    ],
    "content-hash": "dd885a9bbd2439bc109f7f750a4b6486",
    "packages": [
        {
            "name": "league/commonmark",
            "version": "1.0.0",
            "source": {
                "type": "git",
                "url": "https://github.com/thephpleague/commonmark.git",
                "reference": "7a40f2b0931602c504c2a9692d9f1e33635fd5ef"
            },
            "dist": {
                "type": "zip",
                "url": "https://api.github.com/repos/thephpleague/commonmark/zipball/7a40f2b0931602c504c2a9692d9f1e33635fd5ef",
                "reference": "7a40f2b0931602c504c2a9692d9f1e33635fd5ef",
                "shasum": ""
            },
            "require": {
                "ext-mbstring": "*",
                "php": "^7.1"
            },
            "replace": {
                "colinodell/commonmark-php": "*"
            },
            "require-dev": {
                "cebe/markdown": "~1.0",
                "commonmark/commonmark.js": "0.29.0",
                "erusev/parsedown": "~1.0",
                "michelf/php-markdown": "~1.4",
                "mikehaertl/php-shellcommand": "^1.4",
                "phpstan/phpstan-shim": "^0.11.5",
                "phpunit/phpunit": "^7.5",
                "scrutinizer/ocular": "^1.5",
                "symfony/finder": "^4.2"
            },
            "suggest": {
                "league/commonmark-extras": "Library of useful extensions including smart punctuation"
            },
            "bin": [
                "bin/commonmark"
            ],
            "type": "library",
            "extra": {
                "branch-alias": {
                    "dev-master": "1.1-dev"
                }
            },
            "autoload": {
                "psr-4": {
                    "League\\CommonMark\\": "src"
                }
            },
            "notification-url": "https://packagist.org/downloads/",
            "license": [
                "BSD-3-Clause"
            ],
            "authors": [
                {
                    "name": "Colin O'Dell",
                    "role": "Lead Developer",
                    "email": "colinodell@gmail.com",
                    "homepage": "https://www.colinodell.com"
                }
            ],
            "description": "PHP Markdown parser based on the CommonMark spec",
            "homepage": "https://commonmark.thephpleague.com",
            "keywords": [
                "commonmark",
                "markdown",
                "parser"
            ],
            "time": "2019-06-29T11:19:01+00:00"
        },
        {
            "name": "webuni/commonmark-attributes-extension",
            "version": "1.0.0",
            "source": {
                "type": "git",
                "url": "https://github.com/webuni/commonmark-attributes-extension.git",
                "reference": "428c5ad073558a7ee0887b3017f161af59de29e0"
            },
            "dist": {
                "type": "zip",
                "url": "https://api.github.com/repos/webuni/commonmark-attributes-extension/zipball/428c5ad073558a7ee0887b3017f161af59de29e0",
                "reference": "428c5ad073558a7ee0887b3017f161af59de29e0",
                "shasum": ""
            },
            "require": {
                "league/commonmark": "^1.0",
                "php": "^7.1"
            },
            "require-dev": {
                "friendsofphp/php-cs-fixer": "^2.14",
                "league/commonmark-ext-table": "^1.0|^2.0",
                "phpstan/phpstan": "~0.11",
                "phpunit/phpunit": "^7.0|^8.0",
                "symfony/var-dumper": "^4.3",
                "vimeo/psalm": "^3.5"
            },
            "type": "commonmark-extension",
            "extra": {
                "branch-alias": {
                    "dev-master": "1.0-dev"
                }
            },
            "autoload": {
                "psr-4": {
                    "Webuni\\CommonMark\\AttributesExtension\\": "src"
                }
            },
            "notification-url": "https://packagist.org/downloads/",
            "license": [
                "MIT"
            ],
            "authors": [
                {
                    "name": "Martin Hasoň",
                    "email": "martin.hason@gmail.com"
                },
                {
                    "name": "Webuni s.r.o.",
                    "homepage": "https://www.webuni.cz"
                }
            ],
            "description": "The attributes extension adds a syntax to define attributes on the various HTML elements in CommonMark PHP implementation.",
            "homepage": "https://github.com/webuni/commonmark-attributes-extension",
            "keywords": [
                "attributes",
                "commonmark",
                "markdown"
            ],
            "time": "2019-09-11T21:27:00+00:00"
        }
    ],
    "packages-dev": [],
    "aliases": [],
    "minimum-stability": "stable",
    "stability-flags": [],
    "prefer-stable": false,
    "prefer-lowest": false,
    "platform": [],
    "platform-dev": []
}
